<?xml version="1.0" encoding="UTF-8"?>
<!DOCTYPE plist PUBLIC "-//Apple//DTD PLIST 1.0//EN" "http://www.apple.com/DTDs/PropertyList-1.0.dtd">
<plist version="1.0">
<dict>
	<key>archiveVersion</key>
	<string>1</string>
	<key>classes</key>
	<dict/>
	<key>objectVersion</key>
	<string>46</string>
	<key>objects</key>
	<dict>
		<key>3795661BC59443FC93F0CF89</key>
		<dict>
			<key>includeInIndex</key>
			<string>1</string>
			<key>isa</key>
			<string>PBXFileReference</string>
			<key>lastKnownFileType</key>
			<string>text.xcconfig</string>
			<key>name</key>
			<string>Pods.xcconfig</string>
			<key>path</key>
			<string>Pods/Pods.xcconfig</string>
			<key>sourceTree</key>
			<string>&lt;group&gt;</string>
		</dict>
		<key>4368A493A05643FF92D479CB</key>
		<dict>
			<key>explicitFileType</key>
			<string>archive.ar</string>
			<key>includeInIndex</key>
			<string>0</string>
			<key>isa</key>
			<string>PBXFileReference</string>
			<key>path</key>
			<string>libPods.a</string>
			<key>sourceTree</key>
			<string>BUILT_PRODUCTS_DIR</string>
		</dict>
		<key>5515BB92AD5548C4941DB23D</key>
		<dict>
			<key>fileRef</key>
			<string>4368A493A05643FF92D479CB</string>
			<key>isa</key>
			<string>PBXBuildFile</string>
		</dict>
		<key>6621FBCC18D65F8300FE87F7</key>
		<dict>
			<key>children</key>
			<array>
				<string>6621FBDE18D65F8300FE87F7</string>
				<string>6621FBF718D65F8300FE87F7</string>
				<string>6621FBD718D65F8300FE87F7</string>
				<string>6621FBD618D65F8300FE87F7</string>
				<string>3795661BC59443FC93F0CF89</string>
			</array>
			<key>isa</key>
			<string>PBXGroup</string>
			<key>sourceTree</key>
			<string>&lt;group&gt;</string>
		</dict>
		<key>6621FBCD18D65F8300FE87F7</key>
		<dict>
			<key>attributes</key>
			<dict>
				<key>CLASSPREFIX</key>
				<string>SDG</string>
				<key>LastUpgradeCheck</key>
				<string>0510</string>
				<key>ORGANIZATIONNAME</key>
				<string>Adam McDonald</string>
				<key>TargetAttributes</key>
				<dict>
					<key>6621FBEF18D65F8300FE87F7</key>
					<dict>
						<key>TestTargetID</key>
						<string>6621FBD418D65F8300FE87F7</string>
					</dict>
				</dict>
			</dict>
			<key>buildConfigurationList</key>
			<string>6621FBD018D65F8300FE87F7</string>
			<key>compatibilityVersion</key>
			<string>Xcode 3.2</string>
			<key>developmentRegion</key>
			<string>English</string>
			<key>hasScannedForEncodings</key>
			<string>0</string>
			<key>isa</key>
			<string>PBXProject</string>
			<key>knownRegions</key>
			<array>
				<string>en</string>
			</array>
			<key>mainGroup</key>
			<string>6621FBCC18D65F8300FE87F7</string>
			<key>productRefGroup</key>
			<string>6621FBD618D65F8300FE87F7</string>
			<key>projectDirPath</key>
			<string></string>
			<key>projectReferences</key>
			<array/>
			<key>projectRoot</key>
			<string></string>
			<key>targets</key>
			<array>
				<string>6621FBD418D65F8300FE87F7</string>
				<string>6621FBEF18D65F8300FE87F7</string>
			</array>
		</dict>
		<key>6621FBD018D65F8300FE87F7</key>
		<dict>
			<key>buildConfigurations</key>
			<array>
				<string>6621FBFF18D65F8300FE87F7</string>
				<string>6621FC0018D65F8300FE87F7</string>
			</array>
			<key>defaultConfigurationIsVisible</key>
			<string>0</string>
			<key>defaultConfigurationName</key>
			<string>Release</string>
			<key>isa</key>
			<string>XCConfigurationList</string>
		</dict>
		<key>6621FBD118D65F8300FE87F7</key>
		<dict>
			<key>buildActionMask</key>
			<string>2147483647</string>
			<key>files</key>
			<array>
				<string>6621FBE518D65F8300FE87F7</string>
				<string>6621FBE918D65F8300FE87F7</string>
				<string>6621FC0A18D6728C00FE87F7</string>
			</array>
			<key>isa</key>
			<string>PBXSourcesBuildPhase</string>
			<key>runOnlyForDeploymentPostprocessing</key>
			<string>0</string>
		</dict>
		<key>6621FBD218D65F8300FE87F7</key>
		<dict>
			<key>buildActionMask</key>
			<string>2147483647</string>
			<key>files</key>
			<array>
				<string>6621FBDB18D65F8300FE87F7</string>
				<string>6621FBDD18D65F8300FE87F7</string>
				<string>6621FBD918D65F8300FE87F7</string>
				<string>5515BB92AD5548C4941DB23D</string>
			</array>
			<key>isa</key>
			<string>PBXFrameworksBuildPhase</string>
			<key>runOnlyForDeploymentPostprocessing</key>
			<string>0</string>
		</dict>
		<key>6621FBD318D65F8300FE87F7</key>
		<dict>
			<key>buildActionMask</key>
			<string>2147483647</string>
			<key>files</key>
			<array>
				<string>6621FC0B18D6728C00FE87F7</string>
				<string>6621FBE318D65F8300FE87F7</string>
				<string>6621FBEB18D65F8300FE87F7</string>
			</array>
			<key>isa</key>
			<string>PBXResourcesBuildPhase</string>
			<key>runOnlyForDeploymentPostprocessing</key>
			<string>0</string>
		</dict>
		<key>6621FBD418D65F8300FE87F7</key>
		<dict>
			<key>buildConfigurationList</key>
			<string>6621FC0118D65F8300FE87F7</string>
			<key>buildPhases</key>
			<array>
				<string>DFD3CEA6577D43BB9D4B358A</string>
				<string>6621FBD118D65F8300FE87F7</string>
				<string>6621FBD218D65F8300FE87F7</string>
				<string>6621FBD318D65F8300FE87F7</string>
				<string>8ACB9CB702A34030B45E88FB</string>
			</array>
			<key>buildRules</key>
			<array/>
			<key>dependencies</key>
			<array/>
			<key>isa</key>
			<string>PBXNativeTarget</string>
			<key>name</key>
			<string>SimpleDoge</string>
			<key>productName</key>
			<string>SimpleDoge</string>
			<key>productReference</key>
			<string>6621FBD518D65F8300FE87F7</string>
			<key>productType</key>
			<string>com.apple.product-type.application</string>
		</dict>
		<key>6621FBD518D65F8300FE87F7</key>
		<dict>
			<key>explicitFileType</key>
			<string>wrapper.application</string>
			<key>includeInIndex</key>
			<string>0</string>
			<key>isa</key>
			<string>PBXFileReference</string>
			<key>path</key>
			<string>SimpleDoge.app</string>
			<key>sourceTree</key>
			<string>BUILT_PRODUCTS_DIR</string>
		</dict>
		<key>6621FBD618D65F8300FE87F7</key>
		<dict>
			<key>children</key>
			<array>
				<string>6621FBD518D65F8300FE87F7</string>
				<string>6621FBF018D65F8300FE87F7</string>
			</array>
			<key>isa</key>
			<string>PBXGroup</string>
			<key>name</key>
			<string>Products</string>
			<key>sourceTree</key>
			<string>&lt;group&gt;</string>
		</dict>
		<key>6621FBD718D65F8300FE87F7</key>
		<dict>
			<key>children</key>
			<array>
				<string>6621FBD818D65F8300FE87F7</string>
				<string>6621FBDA18D65F8300FE87F7</string>
				<string>6621FBDC18D65F8300FE87F7</string>
				<string>6621FBF118D65F8300FE87F7</string>
				<string>4368A493A05643FF92D479CB</string>
			</array>
			<key>isa</key>
			<string>PBXGroup</string>
			<key>name</key>
			<string>Frameworks</string>
			<key>sourceTree</key>
			<string>&lt;group&gt;</string>
		</dict>
		<key>6621FBD818D65F8300FE87F7</key>
		<dict>
			<key>isa</key>
			<string>PBXFileReference</string>
			<key>lastKnownFileType</key>
			<string>wrapper.framework</string>
			<key>name</key>
			<string>Foundation.framework</string>
			<key>path</key>
			<string>System/Library/Frameworks/Foundation.framework</string>
			<key>sourceTree</key>
			<string>SDKROOT</string>
		</dict>
		<key>6621FBD918D65F8300FE87F7</key>
		<dict>
			<key>fileRef</key>
			<string>6621FBD818D65F8300FE87F7</string>
			<key>isa</key>
			<string>PBXBuildFile</string>
		</dict>
		<key>6621FBDA18D65F8300FE87F7</key>
		<dict>
			<key>isa</key>
			<string>PBXFileReference</string>
			<key>lastKnownFileType</key>
			<string>wrapper.framework</string>
			<key>name</key>
			<string>CoreGraphics.framework</string>
			<key>path</key>
			<string>System/Library/Frameworks/CoreGraphics.framework</string>
			<key>sourceTree</key>
			<string>SDKROOT</string>
		</dict>
		<key>6621FBDB18D65F8300FE87F7</key>
		<dict>
			<key>fileRef</key>
			<string>6621FBDA18D65F8300FE87F7</string>
			<key>isa</key>
			<string>PBXBuildFile</string>
		</dict>
		<key>6621FBDC18D65F8300FE87F7</key>
		<dict>
			<key>isa</key>
			<string>PBXFileReference</string>
			<key>lastKnownFileType</key>
			<string>wrapper.framework</string>
			<key>name</key>
			<string>UIKit.framework</string>
			<key>path</key>
			<string>System/Library/Frameworks/UIKit.framework</string>
			<key>sourceTree</key>
			<string>SDKROOT</string>
		</dict>
		<key>6621FBDD18D65F8300FE87F7</key>
		<dict>
			<key>fileRef</key>
			<string>6621FBDC18D65F8300FE87F7</string>
			<key>isa</key>
			<string>PBXBuildFile</string>
		</dict>
		<key>6621FBDE18D65F8300FE87F7</key>
		<dict>
			<key>children</key>
			<array>
				<string>6621FBEA18D65F8300FE87F7</string>
				<string>6621FBE718D65F8300FE87F7</string>
				<string>6621FBE818D65F8300FE87F7</string>
				<string>6621FC0718D6728C00FE87F7</string>
				<string>6621FC0818D6728C00FE87F7</string>
				<string>6621FC0918D6728C00FE87F7</string>
				<string>6621FBDF18D65F8300FE87F7</string>
			</array>
			<key>isa</key>
			<string>PBXGroup</string>
			<key>path</key>
			<string>SimpleDoge</string>
			<key>sourceTree</key>
			<string>&lt;group&gt;</string>
		</dict>
		<key>6621FBDF18D65F8300FE87F7</key>
		<dict>
			<key>children</key>
			<array>
				<string>6621FBE018D65F8300FE87F7</string>
				<string>6621FBE118D65F8300FE87F7</string>
				<string>6621FBE418D65F8300FE87F7</string>
				<string>6621FBE618D65F8300FE87F7</string>
			</array>
			<key>isa</key>
			<string>PBXGroup</string>
			<key>name</key>
			<string>Supporting Files</string>
			<key>sourceTree</key>
			<string>&lt;group&gt;</string>
		</dict>
		<key>6621FBE018D65F8300FE87F7</key>
		<dict>
			<key>isa</key>
			<string>PBXFileReference</string>
			<key>lastKnownFileType</key>
			<string>text.plist.xml</string>
			<key>path</key>
			<string>SimpleDoge-Info.plist</string>
			<key>sourceTree</key>
			<string>&lt;group&gt;</string>
		</dict>
		<key>6621FBE118D65F8300FE87F7</key>
		<dict>
			<key>children</key>
			<array>
				<string>6621FBE218D65F8300FE87F7</string>
			</array>
			<key>isa</key>
			<string>PBXVariantGroup</string>
			<key>name</key>
			<string>InfoPlist.strings</string>
			<key>sourceTree</key>
			<string>&lt;group&gt;</string>
		</dict>
		<key>6621FBE218D65F8300FE87F7</key>
		<dict>
			<key>isa</key>
			<string>PBXFileReference</string>
			<key>lastKnownFileType</key>
			<string>text.plist.strings</string>
			<key>name</key>
			<string>en</string>
			<key>path</key>
			<string>en.lproj/InfoPlist.strings</string>
			<key>sourceTree</key>
			<string>&lt;group&gt;</string>
		</dict>
		<key>6621FBE318D65F8300FE87F7</key>
		<dict>
			<key>fileRef</key>
			<string>6621FBE118D65F8300FE87F7</string>
			<key>isa</key>
			<string>PBXBuildFile</string>
		</dict>
		<key>6621FBE418D65F8300FE87F7</key>
		<dict>
			<key>isa</key>
			<string>PBXFileReference</string>
			<key>lastKnownFileType</key>
			<string>sourcecode.c.objc</string>
			<key>path</key>
			<string>main.m</string>
			<key>sourceTree</key>
			<string>&lt;group&gt;</string>
		</dict>
		<key>6621FBE518D65F8300FE87F7</key>
		<dict>
			<key>fileRef</key>
			<string>6621FBE418D65F8300FE87F7</string>
			<key>isa</key>
			<string>PBXBuildFile</string>
		</dict>
		<key>6621FBE618D65F8300FE87F7</key>
		<dict>
			<key>isa</key>
			<string>PBXFileReference</string>
			<key>lastKnownFileType</key>
			<string>sourcecode.c.h</string>
			<key>path</key>
			<string>SimpleDoge-Prefix.pch</string>
			<key>sourceTree</key>
			<string>&lt;group&gt;</string>
		</dict>
		<key>6621FBE718D65F8300FE87F7</key>
		<dict>
			<key>isa</key>
			<string>PBXFileReference</string>
			<key>lastKnownFileType</key>
			<string>sourcecode.c.h</string>
			<key>path</key>
			<string>SDGAppDelegate.h</string>
			<key>sourceTree</key>
			<string>&lt;group&gt;</string>
		</dict>
		<key>6621FBE818D65F8300FE87F7</key>
		<dict>
			<key>isa</key>
			<string>PBXFileReference</string>
			<key>lastKnownFileType</key>
			<string>sourcecode.c.objc</string>
			<key>path</key>
			<string>SDGAppDelegate.m</string>
			<key>sourceTree</key>
			<string>&lt;group&gt;</string>
		</dict>
		<key>6621FBE918D65F8300FE87F7</key>
		<dict>
			<key>fileRef</key>
			<string>6621FBE818D65F8300FE87F7</string>
			<key>isa</key>
			<string>PBXBuildFile</string>
		</dict>
		<key>6621FBEA18D65F8300FE87F7</key>
		<dict>
			<key>isa</key>
			<string>PBXFileReference</string>
			<key>lastKnownFileType</key>
			<string>folder.assetcatalog</string>
			<key>path</key>
			<string>Images.xcassets</string>
			<key>sourceTree</key>
			<string>&lt;group&gt;</string>
		</dict>
		<key>6621FBEB18D65F8300FE87F7</key>
		<dict>
			<key>fileRef</key>
			<string>6621FBEA18D65F8300FE87F7</string>
			<key>isa</key>
			<string>PBXBuildFile</string>
		</dict>
		<key>6621FBEC18D65F8300FE87F7</key>
		<dict>
			<key>buildActionMask</key>
			<string>2147483647</string>
			<key>files</key>
			<array>
				<string>6621FBFE18D65F8300FE87F7</string>
			</array>
			<key>isa</key>
			<string>PBXSourcesBuildPhase</string>
			<key>runOnlyForDeploymentPostprocessing</key>
			<string>0</string>
		</dict>
		<key>6621FBED18D65F8300FE87F7</key>
		<dict>
			<key>buildActionMask</key>
			<string>2147483647</string>
			<key>files</key>
			<array>
				<string>6621FBF218D65F8300FE87F7</string>
				<string>6621FBF418D65F8300FE87F7</string>
				<string>6621FBF318D65F8300FE87F7</string>
			</array>
			<key>isa</key>
			<string>PBXFrameworksBuildPhase</string>
			<key>runOnlyForDeploymentPostprocessing</key>
			<string>0</string>
		</dict>
		<key>6621FBEE18D65F8300FE87F7</key>
		<dict>
			<key>buildActionMask</key>
			<string>2147483647</string>
			<key>files</key>
			<array>
				<string>6621FBFC18D65F8300FE87F7</string>
			</array>
			<key>isa</key>
			<string>PBXResourcesBuildPhase</string>
			<key>runOnlyForDeploymentPostprocessing</key>
			<string>0</string>
		</dict>
		<key>6621FBEF18D65F8300FE87F7</key>
		<dict>
			<key>buildConfigurationList</key>
			<string>6621FC0418D65F8300FE87F7</string>
			<key>buildPhases</key>
			<array>
				<string>6621FBEC18D65F8300FE87F7</string>
				<string>6621FBED18D65F8300FE87F7</string>
				<string>6621FBEE18D65F8300FE87F7</string>
			</array>
			<key>buildRules</key>
			<array/>
			<key>dependencies</key>
			<array>
				<string>6621FBF618D65F8300FE87F7</string>
			</array>
			<key>isa</key>
			<string>PBXNativeTarget</string>
			<key>name</key>
			<string>SimpleDogeTests</string>
			<key>productName</key>
			<string>SimpleDogeTests</string>
			<key>productReference</key>
			<string>6621FBF018D65F8300FE87F7</string>
			<key>productType</key>
			<string>com.apple.product-type.bundle.unit-test</string>
		</dict>
		<key>6621FBF018D65F8300FE87F7</key>
		<dict>
			<key>explicitFileType</key>
			<string>wrapper.cfbundle</string>
			<key>includeInIndex</key>
			<string>0</string>
			<key>isa</key>
			<string>PBXFileReference</string>
			<key>path</key>
			<string>SimpleDogeTests.xctest</string>
			<key>sourceTree</key>
			<string>BUILT_PRODUCTS_DIR</string>
		</dict>
		<key>6621FBF118D65F8300FE87F7</key>
		<dict>
			<key>isa</key>
			<string>PBXFileReference</string>
			<key>lastKnownFileType</key>
			<string>wrapper.framework</string>
			<key>name</key>
			<string>XCTest.framework</string>
			<key>path</key>
			<string>Library/Frameworks/XCTest.framework</string>
			<key>sourceTree</key>
			<string>DEVELOPER_DIR</string>
		</dict>
		<key>6621FBF218D65F8300FE87F7</key>
		<dict>
			<key>fileRef</key>
			<string>6621FBF118D65F8300FE87F7</string>
			<key>isa</key>
			<string>PBXBuildFile</string>
		</dict>
		<key>6621FBF318D65F8300FE87F7</key>
		<dict>
			<key>fileRef</key>
			<string>6621FBD818D65F8300FE87F7</string>
			<key>isa</key>
			<string>PBXBuildFile</string>
		</dict>
		<key>6621FBF418D65F8300FE87F7</key>
		<dict>
			<key>fileRef</key>
			<string>6621FBDC18D65F8300FE87F7</string>
			<key>isa</key>
			<string>PBXBuildFile</string>
		</dict>
		<key>6621FBF518D65F8300FE87F7</key>
		<dict>
			<key>containerPortal</key>
			<string>6621FBCD18D65F8300FE87F7</string>
			<key>isa</key>
			<string>PBXContainerItemProxy</string>
			<key>proxyType</key>
			<string>1</string>
			<key>remoteGlobalIDString</key>
			<string>6621FBD418D65F8300FE87F7</string>
			<key>remoteInfo</key>
			<string>SimpleDoge</string>
		</dict>
		<key>6621FBF618D65F8300FE87F7</key>
		<dict>
			<key>isa</key>
			<string>PBXTargetDependency</string>
			<key>target</key>
			<string>6621FBD418D65F8300FE87F7</string>
			<key>targetProxy</key>
			<string>6621FBF518D65F8300FE87F7</string>
		</dict>
		<key>6621FBF718D65F8300FE87F7</key>
		<dict>
			<key>children</key>
			<array>
				<string>6621FBFD18D65F8300FE87F7</string>
				<string>6621FBF818D65F8300FE87F7</string>
			</array>
			<key>isa</key>
			<string>PBXGroup</string>
			<key>path</key>
			<string>SimpleDogeTests</string>
			<key>sourceTree</key>
			<string>&lt;group&gt;</string>
		</dict>
		<key>6621FBF818D65F8300FE87F7</key>
		<dict>
			<key>children</key>
			<array>
				<string>6621FBF918D65F8300FE87F7</string>
				<string>6621FBFA18D65F8300FE87F7</string>
			</array>
			<key>isa</key>
			<string>PBXGroup</string>
			<key>name</key>
			<string>Supporting Files</string>
			<key>sourceTree</key>
			<string>&lt;group&gt;</string>
		</dict>
		<key>6621FBF918D65F8300FE87F7</key>
		<dict>
			<key>isa</key>
			<string>PBXFileReference</string>
			<key>lastKnownFileType</key>
			<string>text.plist.xml</string>
			<key>path</key>
			<string>SimpleDogeTests-Info.plist</string>
			<key>sourceTree</key>
			<string>&lt;group&gt;</string>
		</dict>
		<key>6621FBFA18D65F8300FE87F7</key>
		<dict>
			<key>children</key>
			<array>
				<string>6621FBFB18D65F8300FE87F7</string>
			</array>
			<key>isa</key>
			<string>PBXVariantGroup</string>
			<key>name</key>
			<string>InfoPlist.strings</string>
			<key>sourceTree</key>
			<string>&lt;group&gt;</string>
		</dict>
		<key>6621FBFB18D65F8300FE87F7</key>
		<dict>
			<key>isa</key>
			<string>PBXFileReference</string>
			<key>lastKnownFileType</key>
			<string>text.plist.strings</string>
			<key>name</key>
			<string>en</string>
			<key>path</key>
			<string>en.lproj/InfoPlist.strings</string>
			<key>sourceTree</key>
			<string>&lt;group&gt;</string>
		</dict>
		<key>6621FBFC18D65F8300FE87F7</key>
		<dict>
			<key>fileRef</key>
			<string>6621FBFA18D65F8300FE87F7</string>
			<key>isa</key>
			<string>PBXBuildFile</string>
		</dict>
		<key>6621FBFD18D65F8300FE87F7</key>
		<dict>
			<key>isa</key>
			<string>PBXFileReference</string>
			<key>lastKnownFileType</key>
			<string>sourcecode.c.objc</string>
			<key>path</key>
			<string>SimpleDogeTests.m</string>
			<key>sourceTree</key>
			<string>&lt;group&gt;</string>
		</dict>
		<key>6621FBFE18D65F8300FE87F7</key>
		<dict>
			<key>fileRef</key>
			<string>6621FBFD18D65F8300FE87F7</string>
			<key>isa</key>
			<string>PBXBuildFile</string>
		</dict>
		<key>6621FBFF18D65F8300FE87F7</key>
		<dict>
			<key>buildSettings</key>
			<dict>
				<key>ALWAYS_SEARCH_USER_PATHS</key>
				<string>NO</string>
				<key>CLANG_CXX_LANGUAGE_STANDARD</key>
				<string>gnu++0x</string>
				<key>CLANG_CXX_LIBRARY</key>
				<string>libc++</string>
				<key>CLANG_ENABLE_MODULES</key>
				<string>YES</string>
				<key>CLANG_ENABLE_OBJC_ARC</key>
				<string>YES</string>
				<key>CLANG_WARN_BOOL_CONVERSION</key>
				<string>YES</string>
				<key>CLANG_WARN_CONSTANT_CONVERSION</key>
				<string>YES</string>
				<key>CLANG_WARN_DIRECT_OBJC_ISA_USAGE</key>
				<string>YES_ERROR</string>
				<key>CLANG_WARN_EMPTY_BODY</key>
				<string>YES</string>
				<key>CLANG_WARN_ENUM_CONVERSION</key>
				<string>YES</string>
				<key>CLANG_WARN_INT_CONVERSION</key>
				<string>YES</string>
				<key>CLANG_WARN_OBJC_ROOT_CLASS</key>
				<string>YES_ERROR</string>
				<key>CLANG_WARN__DUPLICATE_METHOD_MATCH</key>
				<string>YES</string>
				<key>CODE_SIGN_IDENTITY[sdk=iphoneos*]</key>
				<string>iPhone Developer</string>
				<key>COPY_PHASE_STRIP</key>
				<string>NO</string>
				<key>GCC_C_LANGUAGE_STANDARD</key>
				<string>gnu99</string>
				<key>GCC_DYNAMIC_NO_PIC</key>
				<string>NO</string>
				<key>GCC_OPTIMIZATION_LEVEL</key>
				<string>0</string>
				<key>GCC_PREPROCESSOR_DEFINITIONS</key>
				<array>
					<string>DEBUG=1</string>
					<string>$(inherited)</string>
				</array>
				<key>GCC_SYMBOLS_PRIVATE_EXTERN</key>
				<string>NO</string>
				<key>GCC_WARN_64_TO_32_BIT_CONVERSION</key>
				<string>YES</string>
				<key>GCC_WARN_ABOUT_RETURN_TYPE</key>
				<string>YES_ERROR</string>
				<key>GCC_WARN_UNDECLARED_SELECTOR</key>
				<string>YES</string>
				<key>GCC_WARN_UNINITIALIZED_AUTOS</key>
				<string>YES_AGGRESSIVE</string>
				<key>GCC_WARN_UNUSED_FUNCTION</key>
				<string>YES</string>
				<key>GCC_WARN_UNUSED_VARIABLE</key>
				<string>YES</string>
				<key>IPHONEOS_DEPLOYMENT_TARGET</key>
				<string>7.0</string>
				<key>ONLY_ACTIVE_ARCH</key>
				<string>YES</string>
				<key>SDKROOT</key>
				<string>iphoneos</string>
				<key>TARGETED_DEVICE_FAMILY</key>
				<string>1,2</string>
			</dict>
			<key>isa</key>
			<string>XCBuildConfiguration</string>
			<key>name</key>
			<string>Debug</string>
		</dict>
		<key>6621FC0018D65F8300FE87F7</key>
		<dict>
			<key>buildSettings</key>
			<dict>
				<key>ALWAYS_SEARCH_USER_PATHS</key>
				<string>NO</string>
				<key>CLANG_CXX_LANGUAGE_STANDARD</key>
				<string>gnu++0x</string>
				<key>CLANG_CXX_LIBRARY</key>
				<string>libc++</string>
				<key>CLANG_ENABLE_MODULES</key>
				<string>YES</string>
				<key>CLANG_ENABLE_OBJC_ARC</key>
				<string>YES</string>
				<key>CLANG_WARN_BOOL_CONVERSION</key>
				<string>YES</string>
				<key>CLANG_WARN_CONSTANT_CONVERSION</key>
				<string>YES</string>
				<key>CLANG_WARN_DIRECT_OBJC_ISA_USAGE</key>
				<string>YES_ERROR</string>
				<key>CLANG_WARN_EMPTY_BODY</key>
				<string>YES</string>
				<key>CLANG_WARN_ENUM_CONVERSION</key>
				<string>YES</string>
				<key>CLANG_WARN_INT_CONVERSION</key>
				<string>YES</string>
				<key>CLANG_WARN_OBJC_ROOT_CLASS</key>
				<string>YES_ERROR</string>
				<key>CLANG_WARN__DUPLICATE_METHOD_MATCH</key>
				<string>YES</string>
				<key>CODE_SIGN_IDENTITY[sdk=iphoneos*]</key>
				<string>iPhone Developer</string>
				<key>COPY_PHASE_STRIP</key>
				<string>YES</string>
				<key>ENABLE_NS_ASSERTIONS</key>
				<string>NO</string>
				<key>GCC_C_LANGUAGE_STANDARD</key>
				<string>gnu99</string>
				<key>GCC_WARN_64_TO_32_BIT_CONVERSION</key>
				<string>YES</string>
				<key>GCC_WARN_ABOUT_RETURN_TYPE</key>
				<string>YES_ERROR</string>
				<key>GCC_WARN_UNDECLARED_SELECTOR</key>
				<string>YES</string>
				<key>GCC_WARN_UNINITIALIZED_AUTOS</key>
				<string>YES_AGGRESSIVE</string>
				<key>GCC_WARN_UNUSED_FUNCTION</key>
				<string>YES</string>
				<key>GCC_WARN_UNUSED_VARIABLE</key>
				<string>YES</string>
				<key>IPHONEOS_DEPLOYMENT_TARGET</key>
				<string>7.0</string>
				<key>SDKROOT</key>
				<string>iphoneos</string>
				<key>TARGETED_DEVICE_FAMILY</key>
				<string>1,2</string>
				<key>VALIDATE_PRODUCT</key>
				<string>YES</string>
			</dict>
			<key>isa</key>
			<string>XCBuildConfiguration</string>
			<key>name</key>
			<string>Release</string>
		</dict>
		<key>6621FC0118D65F8300FE87F7</key>
		<dict>
			<key>buildConfigurations</key>
			<array>
				<string>6621FC0218D65F8300FE87F7</string>
				<string>6621FC0318D65F8300FE87F7</string>
			</array>
			<key>defaultConfigurationIsVisible</key>
			<string>0</string>
			<key>isa</key>
			<string>XCConfigurationList</string>
		</dict>
		<key>6621FC0218D65F8300FE87F7</key>
		<dict>
			<key>baseConfigurationReference</key>
			<string>3795661BC59443FC93F0CF89</string>
			<key>buildSettings</key>
			<dict>
				<key>ASSETCATALOG_COMPILER_APPICON_NAME</key>
				<string>AppIcon</string>
				<key>ASSETCATALOG_COMPILER_LAUNCHIMAGE_NAME</key>
				<string>LaunchImage</string>
				<key>GCC_PRECOMPILE_PREFIX_HEADER</key>
				<string>YES</string>
				<key>GCC_PREFIX_HEADER</key>
				<string>SimpleDoge/SimpleDoge-Prefix.pch</string>
				<key>INFOPLIST_FILE</key>
				<string>SimpleDoge/SimpleDoge-Info.plist</string>
				<key>PRODUCT_NAME</key>
				<string>$(TARGET_NAME)</string>
				<key>WRAPPER_EXTENSION</key>
				<string>app</string>
			</dict>
			<key>isa</key>
			<string>XCBuildConfiguration</string>
			<key>name</key>
			<string>Debug</string>
		</dict>
		<key>6621FC0318D65F8300FE87F7</key>
		<dict>
			<key>baseConfigurationReference</key>
			<string>3795661BC59443FC93F0CF89</string>
			<key>buildSettings</key>
			<dict>
				<key>ASSETCATALOG_COMPILER_APPICON_NAME</key>
				<string>AppIcon</string>
				<key>ASSETCATALOG_COMPILER_LAUNCHIMAGE_NAME</key>
				<string>LaunchImage</string>
				<key>GCC_PRECOMPILE_PREFIX_HEADER</key>
				<string>YES</string>
				<key>GCC_PREFIX_HEADER</key>
				<string>SimpleDoge/SimpleDoge-Prefix.pch</string>
				<key>INFOPLIST_FILE</key>
				<string>SimpleDoge/SimpleDoge-Info.plist</string>
				<key>PRODUCT_NAME</key>
				<string>$(TARGET_NAME)</string>
				<key>WRAPPER_EXTENSION</key>
				<string>app</string>
			</dict>
			<key>isa</key>
			<string>XCBuildConfiguration</string>
			<key>name</key>
			<string>Release</string>
		</dict>
		<key>6621FC0418D65F8300FE87F7</key>
		<dict>
			<key>buildConfigurations</key>
			<array>
				<string>6621FC0518D65F8300FE87F7</string>
				<string>6621FC0618D65F8300FE87F7</string>
			</array>
			<key>defaultConfigurationIsVisible</key>
			<string>0</string>
			<key>isa</key>
			<string>XCConfigurationList</string>
		</dict>
		<key>6621FC0518D65F8300FE87F7</key>
		<dict>
			<key>buildSettings</key>
			<dict>
				<key>BUNDLE_LOADER</key>
				<string>$(BUILT_PRODUCTS_DIR)/SimpleDoge.app/SimpleDoge</string>
				<key>FRAMEWORK_SEARCH_PATHS</key>
				<array>
					<string>$(SDKROOT)/Developer/Library/Frameworks</string>
					<string>$(inherited)</string>
					<string>$(DEVELOPER_FRAMEWORKS_DIR)</string>
				</array>
				<key>GCC_PRECOMPILE_PREFIX_HEADER</key>
				<string>YES</string>
				<key>GCC_PREFIX_HEADER</key>
				<string>SimpleDoge/SimpleDoge-Prefix.pch</string>
				<key>GCC_PREPROCESSOR_DEFINITIONS</key>
				<array>
					<string>DEBUG=1</string>
					<string>$(inherited)</string>
				</array>
				<key>INFOPLIST_FILE</key>
				<string>SimpleDogeTests/SimpleDogeTests-Info.plist</string>
				<key>PRODUCT_NAME</key>
				<string>$(TARGET_NAME)</string>
				<key>TEST_HOST</key>
				<string>$(BUNDLE_LOADER)</string>
				<key>WRAPPER_EXTENSION</key>
				<string>xctest</string>
			</dict>
			<key>isa</key>
			<string>XCBuildConfiguration</string>
			<key>name</key>
			<string>Debug</string>
		</dict>
		<key>6621FC0618D65F8300FE87F7</key>
		<dict>
			<key>buildSettings</key>
			<dict>
				<key>BUNDLE_LOADER</key>
				<string>$(BUILT_PRODUCTS_DIR)/SimpleDoge.app/SimpleDoge</string>
				<key>FRAMEWORK_SEARCH_PATHS</key>
				<array>
					<string>$(SDKROOT)/Developer/Library/Frameworks</string>
					<string>$(inherited)</string>
					<string>$(DEVELOPER_FRAMEWORKS_DIR)</string>
				</array>
				<key>GCC_PRECOMPILE_PREFIX_HEADER</key>
				<string>YES</string>
				<key>GCC_PREFIX_HEADER</key>
				<string>SimpleDoge/SimpleDoge-Prefix.pch</string>
				<key>INFOPLIST_FILE</key>
				<string>SimpleDogeTests/SimpleDogeTests-Info.plist</string>
				<key>PRODUCT_NAME</key>
				<string>$(TARGET_NAME)</string>
				<key>TEST_HOST</key>
				<string>$(BUNDLE_LOADER)</string>
				<key>WRAPPER_EXTENSION</key>
				<string>xctest</string>
			</dict>
			<key>isa</key>
			<string>XCBuildConfiguration</string>
			<key>name</key>
			<string>Release</string>
		</dict>
		<key>6621FC0718D6728C00FE87F7</key>
		<dict>
			<key>fileEncoding</key>
			<string>4</string>
			<key>isa</key>
			<string>PBXFileReference</string>
			<key>lastKnownFileType</key>
			<string>sourcecode.c.h</string>
			<key>path</key>
			<string>SDGViewController.h</string>
			<key>sourceTree</key>
			<string>&lt;group&gt;</string>
		</dict>
		<key>6621FC0818D6728C00FE87F7</key>
		<dict>
			<key>fileEncoding</key>
			<string>4</string>
			<key>isa</key>
			<string>PBXFileReference</string>
			<key>lastKnownFileType</key>
			<string>sourcecode.c.objc</string>
			<key>path</key>
			<string>SDGViewController.m</string>
			<key>sourceTree</key>
			<string>&lt;group&gt;</string>
		</dict>
		<key>6621FC0918D6728C00FE87F7</key>
		<dict>
			<key>fileEncoding</key>
			<string>4</string>
			<key>isa</key>
			<string>PBXFileReference</string>
			<key>lastKnownFileType</key>
			<string>file.xib</string>
			<key>path</key>
			<string>SDGViewController.xib</string>
			<key>sourceTree</key>
			<string>&lt;group&gt;</string>
		</dict>
		<key>6621FC0A18D6728C00FE87F7</key>
		<dict>
			<key>fileRef</key>
			<string>6621FC0818D6728C00FE87F7</string>
			<key>isa</key>
			<string>PBXBuildFile</string>
		</dict>
		<key>6621FC0B18D6728C00FE87F7</key>
		<dict>
			<key>fileRef</key>
			<string>6621FC0918D6728C00FE87F7</string>
			<key>isa</key>
			<string>PBXBuildFile</string>
		</dict>
		<key>8ACB9CB702A34030B45E88FB</key>
		<dict>
			<key>buildActionMask</key>
			<string>2147483647</string>
			<key>files</key>
			<array/>
			<key>inputPaths</key>
			<array/>
			<key>isa</key>
			<string>PBXShellScriptBuildPhase</string>
			<key>name</key>
			<string>Copy Pods Resources</string>
			<key>outputPaths</key>
			<array/>
			<key>runOnlyForDeploymentPostprocessing</key>
			<string>0</string>
			<key>shellPath</key>
			<string>/bin/sh</string>
			<key>shellScript</key>
			<string>"${SRCROOT}/Pods/Pods-resources.sh"
</string>
			<key>showEnvVarsInLog</key>
			<string>0</string>
		</dict>
		<key>DFD3CEA6577D43BB9D4B358A</key>
		<dict>
			<key>buildActionMask</key>
			<string>2147483647</string>
			<key>files</key>
			<array/>
			<key>inputPaths</key>
			<array/>
			<key>isa</key>
			<string>PBXShellScriptBuildPhase</string>
			<key>name</key>
			<string>Check Pods Manifest.lock</string>
			<key>outputPaths</key>
			<array/>
			<key>runOnlyForDeploymentPostprocessing</key>
			<string>0</string>
			<key>shellPath</key>
			<string>/bin/sh</string>
			<key>shellScript</key>
			<string>diff "${PODS_ROOT}/../Podfile.lock" "${PODS_ROOT}/Manifest.lock" &gt; /dev/null
if [[ $? != 0 ]] ; then
    cat &lt;&lt; EOM
error: The sandbox is not in sync with the Podfile.lock. Run 'pod install' or update your CocoaPods installation.
EOM
    exit 1
fi
</string>
			<key>showEnvVarsInLog</key>
			<string>0</string>
		</dict>
	</dict>
	<key>rootObject</key>
	<string>6621FBCD18D65F8300FE87F7</string>
</dict>
</plist>
